
Microsoft Visual Studio Solution File, Format Version 12.00
# Visual Studio Version 16
VisualStudioVersion = 16.0.31005.135
MinimumVisualStudioVersion = 10.0.40219.1
Project("{9A19103F-16F7-4668-BE54-9A1E7A4F7556}") = "ApiCQRS", "ApiCQRS.csproj", "{0CFEB886-72D8-4C74-8689-B3F67C275C90}"
EndProject
Project("{9A19103F-16F7-4668-BE54-9A1E7A4F7556}") = "ApiCQRS.Domain", "..\ApiCQRS.Domain\ApiCQRS.Domain.csproj", "{6A8C8952-C113-4586-9D6D-5797F5F79F0F}"
EndProject
Project("{9A19103F-16F7-4668-BE54-9A1E7A4F7556}") = "ApiCQRS.Application", "..\ApiCQRS.Application\ApiCQRS.Application.csproj", "{3F811C79-14F2-408F-879C-95EF5FD2EBE5}"
EndProject
Project("{9A19103F-16F7-4668-BE54-9A1E7A4F7556}") = "ApiCQRS.Infrastructure", "..\ApiCQRS.Infrastructure\ApiCQRS.Infrastructure.csproj", "{805FA5F5-2DA9-4E2D-8267-1A675A9AC947}"
EndProject
Project("{9A19103F-16F7-4668-BE54-9A1E7A4F7556}") = "ApiCQRS.CrossCutting", "..\ApiCQRS.CrossCutting\ApiCQRS.CrossCutting.csproj", "{C52A1BB4-475C-465C-AE68-2FB50C968953}"
EndProject
Project("{FAE04EC0-301F-11D3-BF4B-00C04F79EFBC}") = "ApiCQRS.Console", "..\ApiCQRS.Console\ApiCQRS.Console.csproj", "{99777787-AB52-4FC6-BDBC-E29E8C959959}"
EndProject
Global
	GlobalSection(SolutionConfigurationPlatforms) = preSolution
		Debug|Any CPU = Debug|Any CPU
		Release|Any CPU = Release|Any CPU
	EndGlobalSection
	GlobalSection(ProjectConfigurationPlatforms) = postSolution
		{0CFEB886-72D8-4C74-8689-B3F67C275C90}.Debug|Any CPU.ActiveCfg = Debug|Any CPU
		{0CFEB886-72D8-4C74-8689-B3F67C275C90}.Debug|Any CPU.Build.0 = Debug|Any CPU
		{0CFEB886-72D8-4C74-8689-B3F67C275C90}.Release|Any CPU.ActiveCfg = Release|Any CPU
		{0CFEB886-72D8-4C74-8689-B3F67C275C90}.Release|Any CPU.Build.0 = Release|Any CPU
		{6A8C8952-C113-4586-9D6D-5797F5F79F0F}.Debug|Any CPU.ActiveCfg = Debug|Any CPU
		{6A8C8952-C113-4586-9D6D-5797F5F79F0F}.Debug|Any CPU.Build.0 = Debug|Any CPU
		{6A8C8952-C113-4586-9D6D-5797F5F79F0F}.Release|Any CPU.ActiveCfg = Release|Any CPU
		{6A8C8952-C113-4586-9D6D-5797F5F79F0F}.Release|Any CPU.Build.0 = Release|Any CPU
		{3F811C79-14F2-408F-879C-95EF5FD2EBE5}.Debug|Any CPU.ActiveCfg = Debug|Any CPU
		{3F811C79-14F2-408F-879C-95EF5FD2EBE5}.Debug|Any CPU.Build.0 = Debug|Any CPU
		{3F811C79-14F2-408F-879C-95EF5FD2EBE5}.Release|Any CPU.ActiveCfg = Release|Any CPU
		{3F811C79-14F2-408F-879C-95EF5FD2EBE5}.Release|Any CPU.Build.0 = Release|Any CPU
		{805FA5F5-2DA9-4E2D-8267-1A675A9AC947}.Debug|Any CPU.ActiveCfg = Debug|Any CPU
		{805FA5F5-2DA9-4E2D-8267-1A675A9AC947}.Debug|Any CPU.Build.0 = Debug|Any CPU
		{805FA5F5-2DA9-4E2D-8267-1A675A9AC947}.Release|Any CPU.ActiveCfg = Release|Any CPU
		{805FA5F5-2DA9-4E2D-8267-1A675A9AC947}.Release|Any CPU.Build.0 = Release|Any CPU
		{C52A1BB4-475C-465C-AE68-2FB50C968953}.Debug|Any CPU.ActiveCfg = Debug|Any CPU
		{C52A1BB4-475C-465C-AE68-2FB50C968953}.Debug|Any CPU.Build.0 = Debug|Any CPU
		{C52A1BB4-475C-465C-AE68-2FB50C968953}.Release|Any CPU.ActiveCfg = Release|Any CPU
		{C52A1BB4-475C-465C-AE68-2FB50C968953}.Release|Any CPU.Build.0 = Release|Any CPU
		{99777787-AB52-4FC6-BDBC-E29E8C959959}.Debug|Any CPU.ActiveCfg = Debug|Any CPU
		{99777787-AB52-4FC6-BDBC-E29E8C959959}.Debug|Any CPU.Build.0 = Debug|Any CPU
		{99777787-AB52-4FC6-BDBC-E29E8C959959}.Release|Any CPU.ActiveCfg = Release|Any CPU
		{99777787-AB52-4FC6-BDBC-E29E8C959959}.Release|Any CPU.Build.0 = Release|Any CPU
	EndGlobalSection
	GlobalSection(SolutionProperties) = preSolution
		HideSolutionNode = FALSE
	EndGlobalSection
	GlobalSection(ExtensibilityGlobals) = postSolution
		SolutionGuid = {CD7D052E-A18E-4894-B4D2-C6E866DCBF06}
	EndGlobalSection
EndGlobal
